
Microsoft Visual Studio Solution File, Format Version 12.00
# Visual Studio Version 17
VisualStudioVersion = 17.3.32929.385
MinimumVisualStudioVersion = 10.0.40219.1
Project("{2150E333-8FDC-42A3-9474-1A3956D46DE8}") = "Catalog", "Catalog", "{D94A4C47-3CC7-403E-98E5-BB3373A5A487}"
EndProject
Project("{9A19103F-16F7-4668-BE54-9A1E7A4F7556}") = "DAL", "DAL\DAL.csproj", "{598ECCBD-621B-4DD5-A797-B4A31F41683E}"
EndProject
Project("{9A19103F-16F7-4668-BE54-9A1E7A4F7556}") = "BLL", "BLL\BLL.csproj", "{B662247F-B7BF-4990-AC79-363D130C27BB}"
EndProject
Project("{9A19103F-16F7-4668-BE54-9A1E7A4F7556}") = "CCL", "CCL\CCL.csproj", "{1799A1B6-09A3-46D9-9AA4-8455E29BF446}"
EndProject
Project("{9A19103F-16F7-4668-BE54-9A1E7A4F7556}") = "DAL.Tests", "DAL.Tests\DAL.Tests.csproj", "{8739E203-7383-4073-8199-2DD140A5D930}"
EndProject
Project("{9A19103F-16F7-4668-BE54-9A1E7A4F7556}") = "BLL.Tests", "BLL.Tests\BLL.Tests.csproj", "{BBD16794-7523-47A6-9F37-701CF85B21B9}"
EndProject
Global
	GlobalSection(SolutionConfigurationPlatforms) = preSolution
		Debug|Any CPU = Debug|Any CPU
		Release|Any CPU = Release|Any CPU
	EndGlobalSection
	GlobalSection(ProjectConfigurationPlatforms) = postSolution
		{598ECCBD-621B-4DD5-A797-B4A31F41683E}.Debug|Any CPU.ActiveCfg = Debug|Any CPU
		{598ECCBD-621B-4DD5-A797-B4A31F41683E}.Debug|Any CPU.Build.0 = Debug|Any CPU
		{598ECCBD-621B-4DD5-A797-B4A31F41683E}.Release|Any CPU.ActiveCfg = Release|Any CPU
		{598ECCBD-621B-4DD5-A797-B4A31F41683E}.Release|Any CPU.Build.0 = Release|Any CPU
		{B662247F-B7BF-4990-AC79-363D130C27BB}.Debug|Any CPU.ActiveCfg = Debug|Any CPU
		{B662247F-B7BF-4990-AC79-363D130C27BB}.Debug|Any CPU.Build.0 = Debug|Any CPU
		{B662247F-B7BF-4990-AC79-363D130C27BB}.Release|Any CPU.ActiveCfg = Release|Any CPU
		{B662247F-B7BF-4990-AC79-363D130C27BB}.Release|Any CPU.Build.0 = Release|Any CPU
		{1799A1B6-09A3-46D9-9AA4-8455E29BF446}.Debug|Any CPU.ActiveCfg = Debug|Any CPU
		{1799A1B6-09A3-46D9-9AA4-8455E29BF446}.Debug|Any CPU.Build.0 = Debug|Any CPU
		{1799A1B6-09A3-46D9-9AA4-8455E29BF446}.Release|Any CPU.ActiveCfg = Release|Any CPU
		{1799A1B6-09A3-46D9-9AA4-8455E29BF446}.Release|Any CPU.Build.0 = Release|Any CPU
		{8739E203-7383-4073-8199-2DD140A5D930}.Debug|Any CPU.ActiveCfg = Debug|Any CPU
		{8739E203-7383-4073-8199-2DD140A5D930}.Debug|Any CPU.Build.0 = Debug|Any CPU
		{8739E203-7383-4073-8199-2DD140A5D930}.Release|Any CPU.ActiveCfg = Release|Any CPU
		{8739E203-7383-4073-8199-2DD140A5D930}.Release|Any CPU.Build.0 = Release|Any CPU
		{BBD16794-7523-47A6-9F37-701CF85B21B9}.Debug|Any CPU.ActiveCfg = Debug|Any CPU
		{BBD16794-7523-47A6-9F37-701CF85B21B9}.Debug|Any CPU.Build.0 = Debug|Any CPU
		{BBD16794-7523-47A6-9F37-701CF85B21B9}.Release|Any CPU.ActiveCfg = Release|Any CPU
		{BBD16794-7523-47A6-9F37-701CF85B21B9}.Release|Any CPU.Build.0 = Release|Any CPU
	EndGlobalSection
	GlobalSection(SolutionProperties) = preSolution
		HideSolutionNode = FALSE
	EndGlobalSection
	GlobalSection(NestedProjects) = preSolution
		{598ECCBD-621B-4DD5-A797-B4A31F41683E} = {D94A4C47-3CC7-403E-98E5-BB3373A5A487}
		{B662247F-B7BF-4990-AC79-363D130C27BB} = {D94A4C47-3CC7-403E-98E5-BB3373A5A487}
		{1799A1B6-09A3-46D9-9AA4-8455E29BF446} = {D94A4C47-3CC7-403E-98E5-BB3373A5A487}
		{8739E203-7383-4073-8199-2DD140A5D930} = {D94A4C47-3CC7-403E-98E5-BB3373A5A487}
		{BBD16794-7523-47A6-9F37-701CF85B21B9} = {D94A4C47-3CC7-403E-98E5-BB3373A5A487}
	EndGlobalSection
	GlobalSection(ExtensibilityGlobals) = postSolution
		SolutionGuid = {1E051EE3-65A1-4669-99A2-F0F0D8085B70}
	EndGlobalSection
EndGlobal
